
Microsoft Visual Studio Solution File, Format Version 12.00
# Visual Studio Version 17
VisualStudioVersion = 17.6.33829.357
MinimumVisualStudioVersion = 10.0.40219.1
Project("{FAE04EC0-301F-11D3-BF4B-00C04F79EFBC}") = "SharpRakNet", "SharpRakNet\SharpRakNet.csproj", "{EADDBC27-8A43-49E0-8925-BE940D78D322}"
EndProject
Project("{FAE04EC0-301F-11D3-BF4B-00C04F79EFBC}") = "SharpRakNetTest", "SharpRakNetTest\SharpRakNetTest.csproj", "{56C3C5A9-1584-47C4-8A64-3197810C3408}"
EndProject
Project("{FAE04EC0-301F-11D3-BF4B-00C04F79EFBC}") = "SharpRakNetTest2", "SharpRakNetTest2\SharpRakNetTest2.csproj", "{05EFEC66-30CD-450C-B5D6-7C639342BA38}"
EndProject
Global
	GlobalSection(SolutionConfigurationPlatforms) = preSolution
		Debug|Any CPU = Debug|Any CPU
		Release|Any CPU = Release|Any CPU
	EndGlobalSection
	GlobalSection(ProjectConfigurationPlatforms) = postSolution
		{EADDBC27-8A43-49E0-8925-BE940D78D322}.Debug|Any CPU.ActiveCfg = Debug|Any CPU
		{EADDBC27-8A43-49E0-8925-BE940D78D322}.Debug|Any CPU.Build.0 = Debug|Any CPU
		{EADDBC27-8A43-49E0-8925-BE940D78D322}.Release|Any CPU.ActiveCfg = Release|Any CPU
		{EADDBC27-8A43-49E0-8925-BE940D78D322}.Release|Any CPU.Build.0 = Release|Any CPU
		{56C3C5A9-1584-47C4-8A64-3197810C3408}.Debug|Any CPU.ActiveCfg = Debug|Any CPU
		{56C3C5A9-1584-47C4-8A64-3197810C3408}.Debug|Any CPU.Build.0 = Debug|Any CPU
		{56C3C5A9-1584-47C4-8A64-3197810C3408}.Release|Any CPU.ActiveCfg = Release|Any CPU
		{56C3C5A9-1584-47C4-8A64-3197810C3408}.Release|Any CPU.Build.0 = Release|Any CPU
		{05EFEC66-30CD-450C-B5D6-7C639342BA38}.Debug|Any CPU.ActiveCfg = Debug|Any CPU
		{05EFEC66-30CD-450C-B5D6-7C639342BA38}.Debug|Any CPU.Build.0 = Debug|Any CPU
		{05EFEC66-30CD-450C-B5D6-7C639342BA38}.Release|Any CPU.ActiveCfg = Release|Any CPU
		{05EFEC66-30CD-450C-B5D6-7C639342BA38}.Release|Any CPU.Build.0 = Release|Any CPU
	EndGlobalSection
	GlobalSection(SolutionProperties) = preSolution
		HideSolutionNode = FALSE
	EndGlobalSection
	GlobalSection(ExtensibilityGlobals) = postSolution
		SolutionGuid = {662060F8-6FF0-4D0E-95ED-27314D59916C}
	EndGlobalSection
EndGlobal
